
Microsoft Visual Studio Solution File, Format Version 12.00
# Visual Studio 14
VisualStudioVersion = 14.0.25420.1
MinimumVisualStudioVersion = 10.0.40219.1
Project("{FAE04EC0-301F-11D3-BF4B-00C04F79EFBC}") = "CodeSample", "CodeSample\CodeSample.csproj", "{BFF6FCF7-C629-40D5-B9C0-7F37D00ABD17}"
EndProject
Project("{FAE04EC0-301F-11D3-BF4B-00C04F79EFBC}") = "CodeSampleTests", "CodeSampleTests\CodeSampleTests.csproj", "{904EF5DF-873A-4DCD-BE85-886434F43720}"
EndProject
Project("{FAE04EC0-301F-11D3-BF4B-00C04F79EFBC}") = "SecretRunner", "SecretRunner\SecretRunner.csproj", "{6CC0D2B1-8B12-44CD-916C-18B75DFDA8F3}"
EndProject
Project("{2150E333-8FDC-42A3-9474-1A3956D46DE8}") = "Solution Items", "Solution Items", "{7B6F774B-3F61-4F60-82D2-3601055CA564}"
	ProjectSection(SolutionItems) = preProject
		Readme.md = Readme.md
	EndProjectSection
EndProject
Global
	GlobalSection(SolutionConfigurationPlatforms) = preSolution
		Debug|Any CPU = Debug|Any CPU
		Release|Any CPU = Release|Any CPU
	EndGlobalSection
	GlobalSection(ProjectConfigurationPlatforms) = postSolution
		{BFF6FCF7-C629-40D5-B9C0-7F37D00ABD17}.Debug|Any CPU.ActiveCfg = Debug|Any CPU
		{BFF6FCF7-C629-40D5-B9C0-7F37D00ABD17}.Debug|Any CPU.Build.0 = Debug|Any CPU
		{BFF6FCF7-C629-40D5-B9C0-7F37D00ABD17}.Release|Any CPU.ActiveCfg = Release|Any CPU
		{BFF6FCF7-C629-40D5-B9C0-7F37D00ABD17}.Release|Any CPU.Build.0 = Release|Any CPU
		{904EF5DF-873A-4DCD-BE85-886434F43720}.Debug|Any CPU.ActiveCfg = Debug|Any CPU
		{904EF5DF-873A-4DCD-BE85-886434F43720}.Debug|Any CPU.Build.0 = Debug|Any CPU
		{904EF5DF-873A-4DCD-BE85-886434F43720}.Release|Any CPU.ActiveCfg = Release|Any CPU
		{904EF5DF-873A-4DCD-BE85-886434F43720}.Release|Any CPU.Build.0 = Release|Any CPU
		{6CC0D2B1-8B12-44CD-916C-18B75DFDA8F3}.Debug|Any CPU.ActiveCfg = Debug|Any CPU
		{6CC0D2B1-8B12-44CD-916C-18B75DFDA8F3}.Debug|Any CPU.Build.0 = Debug|Any CPU
		{6CC0D2B1-8B12-44CD-916C-18B75DFDA8F3}.Release|Any CPU.ActiveCfg = Release|Any CPU
		{6CC0D2B1-8B12-44CD-916C-18B75DFDA8F3}.Release|Any CPU.Build.0 = Release|Any CPU
	EndGlobalSection
	GlobalSection(SolutionProperties) = preSolution
		HideSolutionNode = FALSE
	EndGlobalSection
EndGlobal
